# This file was autogenerated by Stack.
# You should not edit this file by hand.
# For more information, please see the documentation at:
#   https://docs.haskellstack.org/en/stable/lock_files

packages:
- completed:
    hackage: lawful-0.1.0.0@sha256:d531511cdeeeb157ec4c8907dc529f546f28b8ab0a303b6c893b397ea7fa5f65,815
    pantry-tree:
      size: 251
      sha256: e1c93c291c0e7aa9fae30dd7d3c7bf203c134baf51bfd284ccd4e491070e405a
  original:
    hackage: lawful-0.1.0.0
snapshots:
- completed:
    size: 507625
    url: https://raw.githubusercontent.com/commercialhaskell/stackage-snapshots/master/lts/11/7.yaml
    sha256: 4c9d564321bb3a3370aeafebff848da9f3723de92b60b98b2e03f6213f65c232
  original: lts-11.7
